
Microsoft Visual Studio Solution File, Format Version 12.00
# Visual Studio Version 17
VisualStudioVersion = 17.10.34916.146
MinimumVisualStudioVersion = 10.0.40219.1
Project("{9A19103F-16F7-4668-BE54-9A1E7A4F7556}") = "BlogAPI", "BlogAPI\BlogAPI.csproj", "{83C024E3-4D60-4C89-B287-703B703D8789}"
EndProject
Project("{9A19103F-16F7-4668-BE54-9A1E7A4F7556}") = "BlogAPI.Tests", "BlogAPI.Tests\BlogAPI.Tests.csproj", "{E6810AAE-2448-47EE-8F21-AFEBA1286849}"
EndProject
Project("{9A19103F-16F7-4668-BE54-9A1E7A4F7556}") = "BlogAPI.Persistence", "Common\BlogAPI.Persistence\BlogAPI.Persistence.csproj", "{73E38C41-47D7-43D5-BAC5-BFD154C0AC8E}"
EndProject
Project("{FAE04EC0-301F-11D3-BF4B-00C04F79EFBC}") = "BlogAPI.Core", "Common\BlogAPI.Core\BlogAPI.Core.csproj", "{847B4388-63B3-4C6F-AC22-EA9368F83FC5}"
EndProject
Global
	GlobalSection(SolutionConfigurationPlatforms) = preSolution
		Debug|Any CPU = Debug|Any CPU
		Release|Any CPU = Release|Any CPU
	EndGlobalSection
	GlobalSection(ProjectConfigurationPlatforms) = postSolution
		{83C024E3-4D60-4C89-B287-703B703D8789}.Debug|Any CPU.ActiveCfg = Debug|Any CPU
		{83C024E3-4D60-4C89-B287-703B703D8789}.Debug|Any CPU.Build.0 = Debug|Any CPU
		{83C024E3-4D60-4C89-B287-703B703D8789}.Release|Any CPU.ActiveCfg = Release|Any CPU
		{83C024E3-4D60-4C89-B287-703B703D8789}.Release|Any CPU.Build.0 = Release|Any CPU
		{E6810AAE-2448-47EE-8F21-AFEBA1286849}.Debug|Any CPU.ActiveCfg = Debug|Any CPU
		{E6810AAE-2448-47EE-8F21-AFEBA1286849}.Debug|Any CPU.Build.0 = Debug|Any CPU
		{E6810AAE-2448-47EE-8F21-AFEBA1286849}.Release|Any CPU.ActiveCfg = Release|Any CPU
		{E6810AAE-2448-47EE-8F21-AFEBA1286849}.Release|Any CPU.Build.0 = Release|Any CPU
		{73E38C41-47D7-43D5-BAC5-BFD154C0AC8E}.Debug|Any CPU.ActiveCfg = Debug|Any CPU
		{73E38C41-47D7-43D5-BAC5-BFD154C0AC8E}.Debug|Any CPU.Build.0 = Debug|Any CPU
		{73E38C41-47D7-43D5-BAC5-BFD154C0AC8E}.Release|Any CPU.ActiveCfg = Release|Any CPU
		{73E38C41-47D7-43D5-BAC5-BFD154C0AC8E}.Release|Any CPU.Build.0 = Release|Any CPU
		{847B4388-63B3-4C6F-AC22-EA9368F83FC5}.Debug|Any CPU.ActiveCfg = Debug|Any CPU
		{847B4388-63B3-4C6F-AC22-EA9368F83FC5}.Debug|Any CPU.Build.0 = Debug|Any CPU
		{847B4388-63B3-4C6F-AC22-EA9368F83FC5}.Release|Any CPU.ActiveCfg = Release|Any CPU
		{847B4388-63B3-4C6F-AC22-EA9368F83FC5}.Release|Any CPU.Build.0 = Release|Any CPU
	EndGlobalSection
	GlobalSection(SolutionProperties) = preSolution
		HideSolutionNode = FALSE
	EndGlobalSection
	GlobalSection(ExtensibilityGlobals) = postSolution
		SolutionGuid = {10E1E215-BAA0-472B-B55B-DC18F0C78EBD}
	EndGlobalSection
EndGlobal
